Microsoft Visual Studio Solution File, Format Version 12.00
# Visual Studio Version 17
VisualStudioVersion = 17.5.2.0
MinimumVisualStudioVersion = 10.0.40219.1
Project("{2150E333-8FDC-42A3-9474-1A3956D46DE8}") = "forge", "forge", "{4CF0926A-54D7-6868-E4FF-2FB669F66EDE}"
EndProject
Project("{2150E333-8FDC-42A3-9474-1A3956D46DE8}") = "tests", "tests", "{DD549970-12BE-4E39-A5F7-006EBCBAE249}"
EndProject
Project("{FAE04EC0-301F-11D3-BF4B-00C04F79EFBC}") = "Forge.Coordination.Tests", "forge\tests\Forge.Coordination.Tests\Forge.Coordination.Tests.csproj", "{FC1D1C23-B77D-F12E-9C18-04582D292566}"
EndProject
Project("{FAE04EC0-301F-11D3-BF4B-00C04F79EFBC}") = "Forge.GitHub.Tests", "forge\tests\Forge.GitHub.Tests\Forge.GitHub.Tests.csproj", "{C6548299-9A69-8AF1-B6EA-DCAE2CD1DEF8}"
EndProject
Project("{FAE04EC0-301F-11D3-BF4B-00C04F79EFBC}") = "Forge.Core.Tests", "forge\tests\Forge.Core.Tests\Forge.Core.Tests.csproj", "{50D8980A-AE95-54A4-19EA-5F9300EAA3CC}"
EndProject
Project("{FAE04EC0-301F-11D3-BF4B-00C04F79EFBC}") = "Forge.Executor.Tests", "forge\tests\Forge.Executor.Tests\Forge.Executor.Tests.csproj", "{7E7F6EFA-73DA-D49F-0CC7-0F1F3E522AF4}"
EndProject
Project("{2150E333-8FDC-42A3-9474-1A3956D46DE8}") = "src", "src", "{616A1534-D385-FEB4-1897-C99FBB45324E}"
EndProject
Project("{FAE04EC0-301F-11D3-BF4B-00C04F79EFBC}") = "Forge.Runner", "forge\src\Forge.Runner\Forge.Runner.csproj", "{7805A9F1-ED39-E544-80BC-0907C7294A11}"
EndProject
Project("{FAE04EC0-301F-11D3-BF4B-00C04F79EFBC}") = "Forge.GitHub", "forge\src\Forge.GitHub\Forge.GitHub.csproj", "{42050492-EB4E-BADA-1B4C-FE1AA166B0A9}"
EndProject
Project("{FAE04EC0-301F-11D3-BF4B-00C04F79EFBC}") = "Forge.Coordination", "forge\src\Forge.Coordination\Forge.Coordination.csproj", "{4692B601-7F49-5901-7BA5-E674D05619B9}"
EndProject
Project("{FAE04EC0-301F-11D3-BF4B-00C04F79EFBC}") = "Forge.Core", "forge\src\Forge.Core\Forge.Core.csproj", "{99A7C806-3C97-007C-1DD4-8663EA57FDCC}"
EndProject
Project("{FAE04EC0-301F-11D3-BF4B-00C04F79EFBC}") = "Forge.Executor", "forge\src\Forge.Executor\Forge.Executor.csproj", "{B95AF105-2DD2-E0CE-DEB4-9E552181468B}"
EndProject
Global
	GlobalSection(SolutionConfigurationPlatforms) = preSolution
		Debug|Any CPU = Debug|Any CPU
		Release|Any CPU = Release|Any CPU
	EndGlobalSection
	GlobalSection(ProjectConfigurationPlatforms) = postSolution
		{FC1D1C23-B77D-F12E-9C18-04582D292566}.Debug|Any CPU.ActiveCfg = Debug|Any CPU
		{FC1D1C23-B77D-F12E-9C18-04582D292566}.Debug|Any CPU.Build.0 = Debug|Any CPU
		{FC1D1C23-B77D-F12E-9C18-04582D292566}.Release|Any CPU.ActiveCfg = Release|Any CPU
		{FC1D1C23-B77D-F12E-9C18-04582D292566}.Release|Any CPU.Build.0 = Release|Any CPU
		{C6548299-9A69-8AF1-B6EA-DCAE2CD1DEF8}.Debug|Any CPU.ActiveCfg = Debug|Any CPU
		{C6548299-9A69-8AF1-B6EA-DCAE2CD1DEF8}.Debug|Any CPU.Build.0 = Debug|Any CPU
		{C6548299-9A69-8AF1-B6EA-DCAE2CD1DEF8}.Release|Any CPU.ActiveCfg = Release|Any CPU
		{C6548299-9A69-8AF1-B6EA-DCAE2CD1DEF8}.Release|Any CPU.Build.0 = Release|Any CPU
		{50D8980A-AE95-54A4-19EA-5F9300EAA3CC}.Debug|Any CPU.ActiveCfg = Debug|Any CPU
		{50D8980A-AE95-54A4-19EA-5F9300EAA3CC}.Debug|Any CPU.Build.0 = Debug|Any CPU
		{50D8980A-AE95-54A4-19EA-5F9300EAA3CC}.Release|Any CPU.ActiveCfg = Release|Any CPU
		{50D8980A-AE95-54A4-19EA-5F9300EAA3CC}.Release|Any CPU.Build.0 = Release|Any CPU
		{7E7F6EFA-73DA-D49F-0CC7-0F1F3E522AF4}.Debug|Any CPU.ActiveCfg = Debug|Any CPU
		{7E7F6EFA-73DA-D49F-0CC7-0F1F3E522AF4}.Debug|Any CPU.Build.0 = Debug|Any CPU
		{7E7F6EFA-73DA-D49F-0CC7-0F1F3E522AF4}.Release|Any CPU.ActiveCfg = Release|Any CPU
		{7E7F6EFA-73DA-D49F-0CC7-0F1F3E522AF4}.Release|Any CPU.Build.0 = Release|Any CPU
		{7805A9F1-ED39-E544-80BC-0907C7294A11}.Debug|Any CPU.ActiveCfg = Debug|Any CPU
		{7805A9F1-ED39-E544-80BC-0907C7294A11}.Debug|Any CPU.Build.0 = Debug|Any CPU
		{7805A9F1-ED39-E544-80BC-0907C7294A11}.Release|Any CPU.ActiveCfg = Release|Any CPU
		{7805A9F1-ED39-E544-80BC-0907C7294A11}.Release|Any CPU.Build.0 = Release|Any CPU
		{42050492-EB4E-BADA-1B4C-FE1AA166B0A9}.Debug|Any CPU.ActiveCfg = Debug|Any CPU
		{42050492-EB4E-BADA-1B4C-FE1AA166B0A9}.Debug|Any CPU.Build.0 = Debug|Any CPU
		{42050492-EB4E-BADA-1B4C-FE1AA166B0A9}.Release|Any CPU.ActiveCfg = Release|Any CPU
		{42050492-EB4E-BADA-1B4C-FE1AA166B0A9}.Release|Any CPU.Build.0 = Release|Any CPU
		{4692B601-7F49-5901-7BA5-E674D05619B9}.Debug|Any CPU.ActiveCfg = Debug|Any CPU
		{4692B601-7F49-5901-7BA5-E674D05619B9}.Debug|Any CPU.Build.0 = Debug|Any CPU
		{4692B601-7F49-5901-7BA5-E674D05619B9}.Release|Any CPU.ActiveCfg = Release|Any CPU
		{4692B601-7F49-5901-7BA5-E674D05619B9}.Release|Any CPU.Build.0 = Release|Any CPU
		{99A7C806-3C97-007C-1DD4-8663EA57FDCC}.Debug|Any CPU.ActiveCfg = Debug|Any CPU
		{99A7C806-3C97-007C-1DD4-8663EA57FDCC}.Debug|Any CPU.Build.0 = Debug|Any CPU
		{99A7C806-3C97-007C-1DD4-8663EA57FDCC}.Release|Any CPU.ActiveCfg = Release|Any CPU
		{99A7C806-3C97-007C-1DD4-8663EA57FDCC}.Release|Any CPU.Build.0 = Release|Any CPU
		{B95AF105-2DD2-E0CE-DEB4-9E552181468B}.Debug|Any CPU.ActiveCfg = Debug|Any CPU
		{B95AF105-2DD2-E0CE-DEB4-9E552181468B}.Debug|Any CPU.Build.0 = Debug|Any CPU
		{B95AF105-2DD2-E0CE-DEB4-9E552181468B}.Release|Any CPU.ActiveCfg = Release|Any CPU
		{B95AF105-2DD2-E0CE-DEB4-9E552181468B}.Release|Any CPU.Build.0 = Release|Any CPU
	EndGlobalSection
	GlobalSection(SolutionProperties) = preSolution
		HideSolutionNode = FALSE
	EndGlobalSection
	GlobalSection(NestedProjects) = preSolution
		{DD549970-12BE-4E39-A5F7-006EBCBAE249} = {4CF0926A-54D7-6868-E4FF-2FB669F66EDE}
		{FC1D1C23-B77D-F12E-9C18-04582D292566} = {DD549970-12BE-4E39-A5F7-006EBCBAE249}
		{C6548299-9A69-8AF1-B6EA-DCAE2CD1DEF8} = {DD549970-12BE-4E39-A5F7-006EBCBAE249}
		{50D8980A-AE95-54A4-19EA-5F9300EAA3CC} = {DD549970-12BE-4E39-A5F7-006EBCBAE249}
		{7E7F6EFA-73DA-D49F-0CC7-0F1F3E522AF4} = {DD549970-12BE-4E39-A5F7-006EBCBAE249}
		{616A1534-D385-FEB4-1897-C99FBB45324E} = {4CF0926A-54D7-6868-E4FF-2FB669F66EDE}
		{7805A9F1-ED39-E544-80BC-0907C7294A11} = {616A1534-D385-FEB4-1897-C99FBB45324E}
		{42050492-EB4E-BADA-1B4C-FE1AA166B0A9} = {616A1534-D385-FEB4-1897-C99FBB45324E}
		{4692B601-7F49-5901-7BA5-E674D05619B9} = {616A1534-D385-FEB4-1897-C99FBB45324E}
		{99A7C806-3C97-007C-1DD4-8663EA57FDCC} = {616A1534-D385-FEB4-1897-C99FBB45324E}
		{B95AF105-2DD2-E0CE-DEB4-9E552181468B} = {616A1534-D385-FEB4-1897-C99FBB45324E}
	EndGlobalSection
	GlobalSection(ExtensibilityGlobals) = postSolution
		SolutionGuid = {50D3E9F5-A756-4F7F-BAFA-38E7C8DDB93B}
	EndGlobalSection
EndGlobal
